
Microsoft Visual Studio Solution File, Format Version 12.00
# Visual Studio Version 17
VisualStudioVersion = 17.8.34525.116
MinimumVisualStudioVersion = 10.0.40219.1
Project("{FAE04EC0-301F-11D3-BF4B-00C04F79EFBC}") = "Forecast.API", "Forecast.API\Forecast.API.csproj", "{396720E6-1F9A-4EAC-B422-B6623A126229}"
EndProject
Global
	GlobalSection(SolutionConfigurationPlatforms) = preSolution
		Debug|Any CPU = Debug|Any CPU
		Release|Any CPU = Release|Any CPU
	EndGlobalSection
	GlobalSection(ProjectConfigurationPlatforms) = postSolution
		{396720E6-1F9A-4EAC-B422-B6623A126229}.Debug|Any CPU.ActiveCfg = Debug|Any CPU
		{396720E6-1F9A-4EAC-B422-B6623A126229}.Debug|Any CPU.Build.0 = Debug|Any CPU
		{396720E6-1F9A-4EAC-B422-B6623A126229}.Release|Any CPU.ActiveCfg = Release|Any CPU
		{396720E6-1F9A-4EAC-B422-B6623A126229}.Release|Any CPU.Build.0 = Release|Any CPU
	EndGlobalSection
	GlobalSection(SolutionProperties) = preSolution
		HideSolutionNode = FALSE
	EndGlobalSection
	GlobalSection(ExtensibilityGlobals) = postSolution
		SolutionGuid = {F427409A-ED5C-4F54-A598-0F24EC912823}
	EndGlobalSection
EndGlobal
